
Microsoft Visual Studio Solution File, Format Version 12.00
# Visual Studio 15
VisualStudioVersion = 15.0.27130.2024
MinimumVisualStudioVersion = 10.0.40219.1
Project("{FAE04EC0-301F-11D3-BF4B-00C04F79EFBC}") = "askhole", "bunitu install\askhole.csproj", "{727947A9-4275-4EC5-AE76-07C1798C64E7}"
EndProject
Project("{FAE04EC0-301F-11D3-BF4B-00C04F79EFBC}") = "AskholeLib", "AskholeLib\AskholeLib.csproj", "{AE76BC99-5558-48FE-904D-8C16A55F3A07}"
EndProject
Global
	GlobalSection(SolutionConfigurationPlatforms) = preSolution
		Debug|Any CPU = Debug|Any CPU
		Release|Any CPU = Release|Any CPU
	EndGlobalSection
	GlobalSection(ProjectConfigurationPlatforms) = postSolution
		{727947A9-4275-4EC5-AE76-07C1798C64E7}.Debug|Any CPU.ActiveCfg = Debug|Any CPU
		{727947A9-4275-4EC5-AE76-07C1798C64E7}.Debug|Any CPU.Build.0 = Debug|Any CPU
		{727947A9-4275-4EC5-AE76-07C1798C64E7}.Release|Any CPU.ActiveCfg = Release|Any CPU
		{727947A9-4275-4EC5-AE76-07C1798C64E7}.Release|Any CPU.Build.0 = Release|Any CPU
		{AE76BC99-5558-48FE-904D-8C16A55F3A07}.Debug|Any CPU.ActiveCfg = Debug|Any CPU
		{AE76BC99-5558-48FE-904D-8C16A55F3A07}.Debug|Any CPU.Build.0 = Debug|Any CPU
		{AE76BC99-5558-48FE-904D-8C16A55F3A07}.Release|Any CPU.ActiveCfg = Release|Any CPU
		{AE76BC99-5558-48FE-904D-8C16A55F3A07}.Release|Any CPU.Build.0 = Release|Any CPU
	EndGlobalSection
	GlobalSection(SolutionProperties) = preSolution
		HideSolutionNode = FALSE
	EndGlobalSection
	GlobalSection(ExtensibilityGlobals) = postSolution
		SolutionGuid = {88EC303E-9F91-4B93-A05C-EF26BE902888}
	EndGlobalSection
EndGlobal
